{
  "name": "full-control",
  "version": "1.0.0",
  "lockfileVersion": 1,
  "dependencies": {
    "bindings": {
      "version": "1.3.0",
      "resolved": "https://registry.npmjs.org/bindings/-/bindings-1.3.0.tgz",
      "integrity": "sha512-DpLh5EzMR2kzvX1KIlVC0VkC3iZtHKTgdtZ0a3pglBZdaQFjt5S9g9xd1lE+YvXyfd6mtCeRnrUfOLYiTMlNSw=="
    },
    "commander": {
      "version": "2.15.1",
      "resolved": "https://registry.npmjs.org/commander/-/commander-2.15.1.tgz",
      "integrity": "sha512-VlfT9F3V0v+jr4yxPc5gg9s62/fIVWsd2Bk2iD435um1NlGMYdVCq+MjcXnhYq2icNOizHr1kK+5TI6H0Hy0ag=="
    },
    "epoll": {
      "version": "2.0.1",
      "resolved": "https://registry.npmjs.org/epoll/-/epoll-2.0.1.tgz",
      "integrity": "sha512-BkaCu6dpfGZqiGockN6bf0pQYUdHNjKOWflOMuYNB+JnHq+SgpBQyWE7jWOWExsGVGp99A12R16WpoBZV/0UwQ==",
      "requires": {
        "bindings": "1.3.0",
        "nan": "2.10.0"
      }
    },
    "lodash.debounce": {
      "version": "4.0.8",
      "resolved": "https://registry.npmjs.org/lodash.debounce/-/lodash.debounce-4.0.8.tgz",
      "integrity": "sha1-gteb/zCmfEAF/9XiUVMArZyk168="
    },
    "nan": {
      "version": "2.10.0",
      "resolved": "https://registry.npmjs.org/nan/-/nan-2.10.0.tgz",
      "integrity": "sha512-bAdJv7fBLhWC+/Bls0Oza+mvTaNQtP+1RyhhhvD95pgUJz6XM5IzgmxOkItJ9tkoCiplvAnXI1tNmmUD/eScyA=="
    },
    "ng": {
      "version": "0.0.0-rc6",
      "resolved": "https://registry.npmjs.org/ng/-/ng-0.0.0-rc6.tgz",
      "integrity": "sha1-MdYiKBDvsyw1DablgHTnl8UNHwg="
    },
    "onoff": {
      "version": "3.0.2",
      "resolved": "https://registry.npmjs.org/onoff/-/onoff-3.0.2.tgz",
      "integrity": "sha512-VvEKeGi5NRO/sT9cCYyHb8HCrEuk+IayzqPO/khYmFfCgnnEvUJGGW3s5zTS/24Q4+thV5XO7j/z3SYN13DtdQ==",
      "requires": {
        "epoll": "2.0.1",
        "lodash.debounce": "4.0.8"
      }
    }
  }
}
